{
  "name": "algebra",
  "version": "1.0.1",
  "lockfileVersion": 2,
  "requires": true,
  "packages": {
    "": {
      "name": "algebra",
      "version": "1.0.1",
      "license": "MIT",
      "dependencies": {
        "arithmetica": "^0.2.0"
      },
      "devDependencies": {}
    },
    "node_modules/arithmetica": {
      "version": "0.2.0",
      "resolved": "https://registry.npmjs.org/arithmetica/-/arithmetica-0.2.0.tgz",
      "integrity": "sha512-EAMNzh4i5SViC4qLLq7jlZsl3X6/1dJs8VndHTmZW/PfpqkCpwKIBHaIPbU9tQwySREylMNzxys5svDjq4Qz4g=="
    }
  },
  "dependencies": {
    "arithmetica": {
      "version": "0.2.0",
      "resolved": "https://registry.npmjs.org/arithmetica/-/arithmetica-0.2.0.tgz",
      "integrity": "sha512-EAMNzh4i5SViC4qLLq7jlZsl3X6/1dJs8VndHTmZW/PfpqkCpwKIBHaIPbU9tQwySREylMNzxys5svDjq4Qz4g=="
    }
  }
}
