{
  "name": "algebra",
  "version": "1.0.1",
  "lockfileVersion": 2,
  "requires": true,
  "packages": {
    "": {
      "name": "algebra",
      "version": "1.0.1",
      "license": "MIT",
      "dependencies": {
        "arithmetica": "^1.0.0"
      }
    },
    "node_modules/arithmetica": {
      "version": "1.0.0",
      "resolved": "https://registry.npmjs.org/arithmetica/-/arithmetica-1.0.0.tgz",
      "integrity": "sha512-So/tjPvNdeBZaR3vfx71OsokOUg37Mj+VJRVLW0srmOfpqHCvKqAhnRmvnkarENjoUnTU0mOTYeAd942M4c+Cw=="
    }
  },
  "dependencies": {
    "arithmetica": {
      "version": "1.0.0",
      "resolved": "https://registry.npmjs.org/arithmetica/-/arithmetica-1.0.0.tgz",
      "integrity": "sha512-So/tjPvNdeBZaR3vfx71OsokOUg37Mj+VJRVLW0srmOfpqHCvKqAhnRmvnkarENjoUnTU0mOTYeAd942M4c+Cw=="
    }
  }
}
