{
  "name": "algebra",
  "version": "1.0.1",
  "lockfileVersion": 3,
  "requires": true,
  "packages": {
    "": {
      "name": "algebra",
      "version": "1.0.1",
      "license": "MIT",
      "dependencies": {
        "arithmetica": "^1.0.0"
      }
    },
    "node_modules/arithmetica": {
      "version": "1.0.1",
      "resolved": "https://registry.npmjs.org/arithmetica/-/arithmetica-1.0.1.tgz",
      "integrity": "sha512-6rgLoSTESeJ/l+aar7O/mxvs3/b2TRWekFYiVlgcyRRhsDFuwykaS2PXNf4lfTq3nz+lHtl20GUPxJraxinclg==",
      "license": "MIT"
    }
  }
}
